// !$*UTF8*$!
{
	archiveVersion = 1;
	classes = {
	};
	objectVersion = 50;
	objects = {

/* Begin PBXBuildFile section */
		AF3A374323E4881F00E437CA /* AuthenticationView.swift in Sources */ = {isa = PBXBuildFile; fileRef = AF3A374223E4881F00E437CA /* AuthenticationView.swift */; };
		AF3A375A23E8233C00E437CA /* TransactionsView.swift in Sources */ = {isa = PBXBuildFile; fileRef = AF3A375923E8233C00E437CA /* TransactionsView.swift */; };
		AF3A376423E844FC00E437CA /* AddProductButtonView.swift in Sources */ = {isa = PBXBuildFile; fileRef = AF3A376323E844FC00E437CA /* AddProductButtonView.swift */; };
		B1066B9A26C934E6000A3DB5 /* MerchantRegistrationView.swift in Sources */ = {isa = PBXBuildFile; fileRef = B1066B9926C934E6000A3DB5 /* MerchantRegistrationView.swift */; };
		B1066B9C26CBD4E2000A3DB5 /* AccountRequest.swift in Sources */ = {isa = PBXBuildFile; fileRef = B1066B9B26CBD4E2000A3DB5 /* AccountRequest.swift */; };
		B108CB2C26A5B3440071346D /* Checkin.swift in Sources */ = {isa = PBXBuildFile; fileRef = B108CB2B26A5B3440071346D /* Checkin.swift */; };
		B10F838825DBCA8000F4B528 /* WayPayApp.swift in Sources */ = {isa = PBXBuildFile; fileRef = B10F838725DBCA8000F4B528 /* WayPayApp.swift */; };
		B118F96726F5D57000A53E98 /* StoreKit.framework in Frameworks */ = {isa = PBXBuildFile; fileRef = B118F96626F5D57000A53E98 /* StoreKit.framework */; };
		B11B6A4C26CFB1C600E516DD /* Localizable.strings in Resources */ = {isa = PBXBuildFile; fileRef = B11B6A4E26CFB1C600E516DD /* Localizable.strings */; };
		B12DE95023AA638500C02657 /* Account.swift in Sources */ = {isa = PBXBuildFile; fileRef = B12DE94F23AA638500C02657 /* Account.swift */; };
		B12DE95323AA643E00C02657 /* WayPay.swift in Sources */ = {isa = PBXBuildFile; fileRef = B12DE95223AA643E00C02657 /* WayPay.swift */; };
		B12DE95523AA654E00C02657 /* AlertMessage.swift in Sources */ = {isa = PBXBuildFile; fileRef = B12DE95423AA654E00C02657 /* AlertMessage.swift */; };
		B12DE95823AA66F700C02657 /* DefaultKeys.swift in Sources */ = {isa = PBXBuildFile; fileRef = B12DE95723AA66F700C02657 /* DefaultKeys.swift */; };
		B12DE95A23AA694F00C02657 /* TermsAndConditions.swift in Sources */ = {isa = PBXBuildFile; fileRef = B12DE95923AA694F00C02657 /* TermsAndConditions.swift */; };
		B12DE95E23AA6C1300C02657 /* DefaultKeyPersistance.swift in Sources */ = {isa = PBXBuildFile; fileRef = B12DE95D23AA6C1300C02657 /* DefaultKeyPersistance.swift */; };
		B12DE96023AA6C5900C02657 /* JsonCoding.swift in Sources */ = {isa = PBXBuildFile; fileRef = B12DE95F23AA6C5900C02657 /* JsonCoding.swift */; };
		B12DE96523AA6E2B00C02657 /* SecurityUtilities.swift in Sources */ = {isa = PBXBuildFile; fileRef = B12DE96423AA6E2B00C02657 /* SecurityUtilities.swift */; };
		B12DE96923AA6FAE00C02657 /* HTTPNetworkAccess.swift in Sources */ = {isa = PBXBuildFile; fileRef = B12DE96823AA6FAE00C02657 /* HTTPNetworkAccess.swift */; };
		B12DE96E23AA709700C02657 /* Transaction.swift in Sources */ = {isa = PBXBuildFile; fileRef = B12DE96D23AA709700C02657 /* Transaction.swift */; };
		B12DE97123AA713C00C02657 /* Issuer.swift in Sources */ = {isa = PBXBuildFile; fileRef = B12DE97023AA713C00C02657 /* Issuer.swift */; };
		B12DE97423AA718300C02657 /* Card.swift in Sources */ = {isa = PBXBuildFile; fileRef = B12DE97323AA718300C02657 /* Card.swift */; };
		B12DE97C23AA79B800C02657 /* IdentityDocument.swift in Sources */ = {isa = PBXBuildFile; fileRef = B12DE97B23AA79B800C02657 /* IdentityDocument.swift */; };
		B12DE98023AA7B9400C02657 /* WayAppPayAPI.swift in Sources */ = {isa = PBXBuildFile; fileRef = B12DE97F23AA7B9400C02657 /* WayAppPayAPI.swift */; };
		B12DE98223AA7CA300C02657 /* Session.swift in Sources */ = {isa = PBXBuildFile; fileRef = B12DE98123AA7CA300C02657 /* Session.swift */; };
		B12DE98623AA7F0E00C02657 /* Biometrics.swift in Sources */ = {isa = PBXBuildFile; fileRef = B12DE98523AA7F0E00C02657 /* Biometrics.swift */; };
		B12DE98823AA806F00C02657 /* UserPasswordSecurePersistance.swift in Sources */ = {isa = PBXBuildFile; fileRef = B12DE98723AA806F00C02657 /* UserPasswordSecurePersistance.swift */; };
		B12DE98A23AA847B00C02657 /* OperationEnvironment.swift in Sources */ = {isa = PBXBuildFile; fileRef = B12DE98923AA847B00C02657 /* OperationEnvironment.swift */; };
		B12F17FB23EBD1530012890E /* TransactionRowView.swift in Sources */ = {isa = PBXBuildFile; fileRef = B12F17FA23EBD1530012890E /* TransactionRowView.swift */; };
		B13532262795960800DBF0AA /* AfterBanks.swift in Sources */ = {isa = PBXBuildFile; fileRef = B13532252795960800DBF0AA /* AfterBanks.swift */; };
		B135322A2795A4F600DBF0AA /* Logger.swift in Sources */ = {isa = PBXBuildFile; fileRef = B13532292795A4F600DBF0AA /* Logger.swift */; };
		B135322C2796DEA100DBF0AA /* CardRowView.swift in Sources */ = {isa = PBXBuildFile; fileRef = B135322B2796DEA100DBF0AA /* CardRowView.swift */; };
		B135322E2796DF4200DBF0AA /* CardsView.swift in Sources */ = {isa = PBXBuildFile; fileRef = B135322D2796DF4200DBF0AA /* CardsView.swift */; };
		B13532302796DF9200DBF0AA /* NewCardView.swift in Sources */ = {isa = PBXBuildFile; fileRef = B135322F2796DF9200DBF0AA /* NewCardView.swift */; };
		B13532322796E2CB00DBF0AA /* OperationMode.swift in Sources */ = {isa = PBXBuildFile; fileRef = B13532312796E2CB00DBF0AA /* OperationMode.swift */; };
		B13532342796EBB500DBF0AA /* UI.swift in Sources */ = {isa = PBXBuildFile; fileRef = B13532332796EBB400DBF0AA /* UI.swift */; };
		B1353237279715DF00DBF0AA /* MerchantAdminView.swift in Sources */ = {isa = PBXBuildFile; fileRef = B1353236279715DE00DBF0AA /* MerchantAdminView.swift */; };
		B1353239279715F300DBF0AA /* IssuerAdminView.swift in Sources */ = {isa = PBXBuildFile; fileRef = B1353238279715F300DBF0AA /* IssuerAdminView.swift */; };
		B135323B2797160700DBF0AA /* CardAdminView.swift in Sources */ = {isa = PBXBuildFile; fileRef = B135323A2797160700DBF0AA /* CardAdminView.swift */; };
		B135323D2797163100DBF0AA /* AccountAdminView.swift in Sources */ = {isa = PBXBuildFile; fileRef = B135323C2797163100DBF0AA /* AccountAdminView.swift */; };
		B135323F2797168E00DBF0AA /* WayPayAdminView.swift in Sources */ = {isa = PBXBuildFile; fileRef = B135323E2797168E00DBF0AA /* WayPayAdminView.swift */; };
		B1353241279718E000DBF0AA /* CustomerAdminView.swift in Sources */ = {isa = PBXBuildFile; fileRef = B1353240279718E000DBF0AA /* CustomerAdminView.swift */; };
		B135324327973BAA00DBF0AA /* CardDetailView.swift in Sources */ = {isa = PBXBuildFile; fileRef = B135324227973BAA00DBF0AA /* CardDetailView.swift */; };
		B1353245279810D400DBF0AA /* AuthenticationViewModel.swift in Sources */ = {isa = PBXBuildFile; fileRef = B1353244279810D400DBF0AA /* AuthenticationViewModel.swift */; };
		B13B11E926F0B783004382C2 /* ConsumerRegistrationView.swift in Sources */ = {isa = PBXBuildFile; fileRef = B13B11E826F0B783004382C2 /* ConsumerRegistrationView.swift */; };
		B13B689026A5DC9700271515 /* CheckinView.swift in Sources */ = {isa = PBXBuildFile; fileRef = B13B688F26A5DC9700271515 /* CheckinView.swift */; };
		B13B689226A6E7C300271515 /* RewardsView.swift in Sources */ = {isa = PBXBuildFile; fileRef = B13B689126A6E7C300271515 /* RewardsView.swift */; };
		B144F2CC26833220001C3C10 /* LaunchScreen.storyboard in Resources */ = {isa = PBXBuildFile; fileRef = B144F2CB26833220001C3C10 /* LaunchScreen.storyboard */; };
		B1609567263E876000B14A43 /* Campaign.swift in Sources */ = {isa = PBXBuildFile; fileRef = B1609566263E876000B14A43 /* Campaign.swift */; };
		B164A70D24A4C13B0020ACAB /* PassKit.framework in Frameworks */ = {isa = PBXBuildFile; fileRef = B164A70C24A4C13B0020ACAB /* PassKit.framework */; };
		B165F48B26B4174400104E1F /* ScanView.swift in Sources */ = {isa = PBXBuildFile; fileRef = B165F48A26B4174400104E1F /* ScanView.swift */; };
		B174BCAB26CE9B9F000F1E20 /* CustomerQRView.swift in Sources */ = {isa = PBXBuildFile; fileRef = B174BCAA26CE9B9F000F1E20 /* CustomerQRView.swift */; };
		B183449B23E40E76006D414D /* WayAppUtils.swift in Sources */ = {isa = PBXBuildFile; fileRef = B183449A23E40E76006D414D /* WayAppUtils.swift */; };
		B1843DBF26A96EE000C4F832 /* Assets.xcassets in Resources */ = {isa = PBXBuildFile; fileRef = B1843DBE26A96EE000C4F832 /* Assets.xcassets */; };
		B189995C270C7027002A6730 /* PushNotification.swift in Sources */ = {isa = PBXBuildFile; fileRef = B189995B270C7027002A6730 /* PushNotification.swift */; };
		B189995E27105760002A6730 /* Prize.swift in Sources */ = {isa = PBXBuildFile; fileRef = B189995D27105760002A6730 /* Prize.swift */; };
		B1899960271057BD002A6730 /* Reward.swift in Sources */ = {isa = PBXBuildFile; fileRef = B189995F271057BD002A6730 /* Reward.swift */; };
		B18E586627DB4768003D296A /* Customer.swift in Sources */ = {isa = PBXBuildFile; fileRef = B18E586527DB4768003D296A /* Customer.swift */; };
		B18E586827DB50ED003D296A /* CustomersView.swift in Sources */ = {isa = PBXBuildFile; fileRef = B18E586727DB50ED003D296A /* CustomersView.swift */; };
		B18E586A27DB54EF003D296A /* SepaView.swift in Sources */ = {isa = PBXBuildFile; fileRef = B18E586927DB54EF003D296A /* SepaView.swift */; };
		B18E586D27DB589D003D296A /* IssuersView.swift in Sources */ = {isa = PBXBuildFile; fileRef = B18E586C27DB589D003D296A /* IssuersView.swift */; };
		B18E586F27DB9CBD003D296A /* MerchantsView.swift in Sources */ = {isa = PBXBuildFile; fileRef = B18E586E27DB9CBD003D296A /* MerchantsView.swift */; };
		B18E587127DBA5BA003D296A /* IssuerEditView.swift in Sources */ = {isa = PBXBuildFile; fileRef = B18E587027DBA5BA003D296A /* IssuerEditView.swift */; };
		B18E587327DBA7C9003D296A /* AccountsView.swift in Sources */ = {isa = PBXBuildFile; fileRef = B18E587227DBA7C9003D296A /* AccountsView.swift */; };
		B194151828049DA30087A402 /* CheckoutView.swift in Sources */ = {isa = PBXBuildFile; fileRef = B194151728049DA30087A402 /* CheckoutView.swift */; };
		B19ACCBD238B092A009FF084 /* MainView.swift in Sources */ = {isa = PBXBuildFile; fileRef = B19ACCBC238B092A009FF084 /* MainView.swift */; };
		B19ACCC2238B092C009FF084 /* Preview Assets.xcassets in Resources */ = {isa = PBXBuildFile; fileRef = B19ACCC1238B092C009FF084 /* Preview Assets.xcassets */; };
		B1A19ACB24026C490070E5FF /* NFCScannerView.swift in Sources */ = {isa = PBXBuildFile; fileRef = B1A19ACA24026C490070E5FF /* NFCScannerView.swift */; };
		B1B3817E250523D60008BC78 /* Balance.swift in Sources */ = {isa = PBXBuildFile; fileRef = B1B3817D250523D60008BC78 /* Balance.swift */; };
		B1B8B21826D139EE00FF148E /* InfoPlist.strings in Resources */ = {isa = PBXBuildFile; fileRef = B1B8B21626D139EE00FF148E /* InfoPlist.strings */; };
		B1BA480925D7EFF200ED31EF /* SendEmail.swift in Sources */ = {isa = PBXBuildFile; fileRef = B1BA480825D7EFF200ED31EF /* SendEmail.swift */; };
		B1BA480E25D7F08200ED31EF /* BarView.swift in Sources */ = {isa = PBXBuildFile; fileRef = B1BA480D25D7F08200ED31EF /* BarView.swift */; };
		B1C07EC426CE4C37003DCB11 /* CheckoutQRView.swift in Sources */ = {isa = PBXBuildFile; fileRef = B1C07EC326CE4C37003DCB11 /* CheckoutQRView.swift */; };
		B1C923CE27DF8B2B005B462B /* Roulette.swift in Sources */ = {isa = PBXBuildFile; fileRef = B1C923CD27DF8B2B005B462B /* Roulette.swift */; };
		B1C923D027DF8B37005B462B /* Spin.swift in Sources */ = {isa = PBXBuildFile; fileRef = B1C923CF27DF8B37005B462B /* Spin.swift */; };
		B1C923D227DFBD1A005B462B /* RoulettesView.swift in Sources */ = {isa = PBXBuildFile; fileRef = B1C923D127DFBD1A005B462B /* RoulettesView.swift */; };
		B1D0D8BE26CCF835009171A7 /* OnboardingView.swift in Sources */ = {isa = PBXBuildFile; fileRef = B1D0D8BD26CCF835009171A7 /* OnboardingView.swift */; };
		B1D0D8C126CCFA09009171A7 /* OnboardingPage.swift in Sources */ = {isa = PBXBuildFile; fileRef = B1D0D8C026CCFA09009171A7 /* OnboardingPage.swift */; };
		B1D0D8C326CCFE00009171A7 /* OnboardingPageView.swift in Sources */ = {isa = PBXBuildFile; fileRef = B1D0D8C226CCFE00009171A7 /* OnboardingPageView.swift */; };
		B1D6990623EA22A40049E1D8 /* QRScannerView.swift in Sources */ = {isa = PBXBuildFile; fileRef = B1D6990523EA22A40049E1D8 /* QRScannerView.swift */; };
		B1D8750223ED8CA000A1967F /* ChangePinView.swift in Sources */ = {isa = PBXBuildFile; fileRef = B1D8750123ED8CA000A1967F /* ChangePinView.swift */; };
		B1D8750A23EF2F3B00A1967F /* ReportID.swift in Sources */ = {isa = PBXBuildFile; fileRef = B1D8750923EF2F3B00A1967F /* ReportID.swift */; };
		B1D8750E23F003ED00A1967F /* EnterOTP.swift in Sources */ = {isa = PBXBuildFile; fileRef = B1D8750D23F003ED00A1967F /* EnterOTP.swift */; };
		B1E792EA23E9CCE2001296F2 /* KeychainHandler.swift in Sources */ = {isa = PBXBuildFile; fileRef = B1E792E923E9CCE2001296F2 /* KeychainHandler.swift */; };
		B1E7A58323E4486700CC2E04 /* SettingsView.swift in Sources */ = {isa = PBXBuildFile; fileRef = B1E7A58223E4486700CC2E04 /* SettingsView.swift */; };
		B1E7A58D23E5860100CC2E04 /* Merchant.swift in Sources */ = {isa = PBXBuildFile; fileRef = B1E7A58C23E5860100CC2E04 /* Merchant.swift */; };
		B1E7A58F23E617ED00CC2E04 /* Container.swift in Sources */ = {isa = PBXBuildFile; fileRef = B1E7A58E23E617ED00CC2E04 /* Container.swift */; };
		B1E7A59123E6335100CC2E04 /* ImageDownloader.swift in Sources */ = {isa = PBXBuildFile; fileRef = B1E7A59023E6335100CC2E04 /* ImageDownloader.swift */; };
		B1F4157A26011A7E00511B6D /* Registration.swift in Sources */ = {isa = PBXBuildFile; fileRef = B1F4157926011A7E00511B6D /* Registration.swift */; };
/* End PBXBuildFile section */

/* Begin PBXFileReference section */
		AF3A374223E4881F00E437CA /* AuthenticationView.swift */ = {isa = PBXFileReference; lastKnownFileType = sourcecode.swift; path = AuthenticationView.swift; sourceTree = "<group>"; };
		AF3A375923E8233C00E437CA /* TransactionsView.swift */ = {isa = PBXFileReference; lastKnownFileType = sourcecode.swift; path = TransactionsView.swift; sourceTree = "<group>"; };
		AF3A376323E844FC00E437CA /* AddProductButtonView.swift */ = {isa = PBXFileReference; lastKnownFileType = sourcecode.swift; path = AddProductButtonView.swift; sourceTree = "<group>"; };
		B1066B9926C934E6000A3DB5 /* MerchantRegistrationView.swift */ = {isa = PBXFileReference; fileEncoding = 4; lastKnownFileType = sourcecode.swift; path = MerchantRegistrationView.swift; sourceTree = "<group>"; };
		B1066B9B26CBD4E2000A3DB5 /* AccountRequest.swift */ = {isa = PBXFileReference; fileEncoding = 4; lastKnownFileType = sourcecode.swift; path = AccountRequest.swift; sourceTree = "<group>"; };
		B108CB2B26A5B3440071346D /* Checkin.swift */ = {isa = PBXFileReference; lastKnownFileType = sourcecode.swift; path = Checkin.swift; sourceTree = "<group>"; };
		B10F838725DBCA8000F4B528 /* WayPayApp.swift */ = {isa = PBXFileReference; lastKnownFileType = sourcecode.swift; path = WayPayApp.swift; sourceTree = "<group>"; };
		B118F96626F5D57000A53E98 /* StoreKit.framework */ = {isa = PBXFileReference; lastKnownFileType = wrapper.framework; name = StoreKit.framework; path = System/Library/Frameworks/StoreKit.framework; sourceTree = SDKROOT; };
		B11B6A4F26CFB2DA00E516DD /* en */ = {isa = PBXFileReference; lastKnownFileType = text.plist.strings; name = en; path = en.lproj/Localizable.strings; sourceTree = "<group>"; };
		B11B6A5326D12E2600E516DD /* es */ = {isa = PBXFileReference; lastKnownFileType = text.plist.strings; name = es; path = es.lproj/Localizable.strings; sourceTree = "<group>"; };
		B12DE94F23AA638500C02657 /* Account.swift */ = {isa = PBXFileReference; lastKnownFileType = sourcecode.swift; path = Account.swift; sourceTree = "<group>"; };
		B12DE95223AA643E00C02657 /* WayPay.swift */ = {isa = PBXFileReference; lastKnownFileType = sourcecode.swift; path = WayPay.swift; sourceTree = "<group>"; };
		B12DE95423AA654E00C02657 /* AlertMessage.swift */ = {isa = PBXFileReference; lastKnownFileType = sourcecode.swift; path = AlertMessage.swift; sourceTree = "<group>"; };
		B12DE95723AA66F700C02657 /* DefaultKeys.swift */ = {isa = PBXFileReference; lastKnownFileType = sourcecode.swift; path = DefaultKeys.swift; sourceTree = "<group>"; };
		B12DE95923AA694F00C02657 /* TermsAndConditions.swift */ = {isa = PBXFileReference; lastKnownFileType = sourcecode.swift; path = TermsAndConditions.swift; sourceTree = "<group>"; };
		B12DE95D23AA6C1300C02657 /* DefaultKeyPersistance.swift */ = {isa = PBXFileReference; lastKnownFileType = sourcecode.swift; path = DefaultKeyPersistance.swift; sourceTree = "<group>"; };
		B12DE95F23AA6C5900C02657 /* JsonCoding.swift */ = {isa = PBXFileReference; lastKnownFileType = sourcecode.swift; path = JsonCoding.swift; sourceTree = "<group>"; };
		B12DE96423AA6E2B00C02657 /* SecurityUtilities.swift */ = {isa = PBXFileReference; lastKnownFileType = sourcecode.swift; path = SecurityUtilities.swift; sourceTree = "<group>"; };
		B12DE96823AA6FAE00C02657 /* HTTPNetworkAccess.swift */ = {isa = PBXFileReference; lastKnownFileType = sourcecode.swift; path = HTTPNetworkAccess.swift; sourceTree = "<group>"; };
		B12DE96D23AA709700C02657 /* Transaction.swift */ = {isa = PBXFileReference; lastKnownFileType = sourcecode.swift; path = Transaction.swift; sourceTree = "<group>"; };
		B12DE97023AA713C00C02657 /* Issuer.swift */ = {isa = PBXFileReference; lastKnownFileType = sourcecode.swift; path = Issuer.swift; sourceTree = "<group>"; };
		B12DE97323AA718300C02657 /* Card.swift */ = {isa = PBXFileReference; lastKnownFileType = sourcecode.swift; path = Card.swift; sourceTree = "<group>"; };
		B12DE97B23AA79B800C02657 /* IdentityDocument.swift */ = {isa = PBXFileReference; lastKnownFileType = sourcecode.swift; path = IdentityDocument.swift; sourceTree = "<group>"; };
		B12DE97F23AA7B9400C02657 /* WayAppPayAPI.swift */ = {isa = PBXFileReference; lastKnownFileType = sourcecode.swift; path = WayAppPayAPI.swift; sourceTree = "<group>"; };
		B12DE98123AA7CA300C02657 /* Session.swift */ = {isa = PBXFileReference; lastKnownFileType = sourcecode.swift; path = Session.swift; sourceTree = "<group>"; };
		B12DE98523AA7F0E00C02657 /* Biometrics.swift */ = {isa = PBXFileReference; lastKnownFileType = sourcecode.swift; path = Biometrics.swift; sourceTree = "<group>"; };
		B12DE98723AA806F00C02657 /* UserPasswordSecurePersistance.swift */ = {isa = PBXFileReference; lastKnownFileType = sourcecode.swift; path = UserPasswordSecurePersistance.swift; sourceTree = "<group>"; };
		B12DE98923AA847B00C02657 /* OperationEnvironment.swift */ = {isa = PBXFileReference; lastKnownFileType = sourcecode.swift; path = OperationEnvironment.swift; sourceTree = "<group>"; };
		B12F17FA23EBD1530012890E /* TransactionRowView.swift */ = {isa = PBXFileReference; lastKnownFileType = sourcecode.swift; path = TransactionRowView.swift; sourceTree = "<group>"; };
		B13532252795960800DBF0AA /* AfterBanks.swift */ = {isa = PBXFileReference; lastKnownFileType = sourcecode.swift; path = AfterBanks.swift; sourceTree = "<group>"; };
		B13532292795A4F600DBF0AA /* Logger.swift */ = {isa = PBXFileReference; lastKnownFileType = sourcecode.swift; path = Logger.swift; sourceTree = "<group>"; };
		B135322B2796DEA100DBF0AA /* CardRowView.swift */ = {isa = PBXFileReference; lastKnownFileType = sourcecode.swift; path = CardRowView.swift; sourceTree = "<group>"; };
		B135322D2796DF4200DBF0AA /* CardsView.swift */ = {isa = PBXFileReference; lastKnownFileType = sourcecode.swift; path = CardsView.swift; sourceTree = "<group>"; };
		B135322F2796DF9200DBF0AA /* NewCardView.swift */ = {isa = PBXFileReference; lastKnownFileType = sourcecode.swift; path = NewCardView.swift; sourceTree = "<group>"; };
		B13532312796E2CB00DBF0AA /* OperationMode.swift */ = {isa = PBXFileReference; lastKnownFileType = sourcecode.swift; path = OperationMode.swift; sourceTree = "<group>"; };
		B13532332796EBB400DBF0AA /* UI.swift */ = {isa = PBXFileReference; lastKnownFileType = sourcecode.swift; path = UI.swift; sourceTree = "<group>"; };
		B1353236279715DE00DBF0AA /* MerchantAdminView.swift */ = {isa = PBXFileReference; lastKnownFileType = sourcecode.swift; path = MerchantAdminView.swift; sourceTree = "<group>"; };
		B1353238279715F300DBF0AA /* IssuerAdminView.swift */ = {isa = PBXFileReference; lastKnownFileType = sourcecode.swift; path = IssuerAdminView.swift; sourceTree = "<group>"; };
		B135323A2797160700DBF0AA /* CardAdminView.swift */ = {isa = PBXFileReference; lastKnownFileType = sourcecode.swift; path = CardAdminView.swift; sourceTree = "<group>"; };
		B135323C2797163100DBF0AA /* AccountAdminView.swift */ = {isa = PBXFileReference; lastKnownFileType = sourcecode.swift; path = AccountAdminView.swift; sourceTree = "<group>"; };
		B135323E2797168E00DBF0AA /* WayPayAdminView.swift */ = {isa = PBXFileReference; lastKnownFileType = sourcecode.swift; path = WayPayAdminView.swift; sourceTree = "<group>"; };
		B1353240279718E000DBF0AA /* CustomerAdminView.swift */ = {isa = PBXFileReference; lastKnownFileType = sourcecode.swift; path = CustomerAdminView.swift; sourceTree = "<group>"; };
		B135324227973BAA00DBF0AA /* CardDetailView.swift */ = {isa = PBXFileReference; lastKnownFileType = sourcecode.swift; path = CardDetailView.swift; sourceTree = "<group>"; };
		B1353244279810D400DBF0AA /* AuthenticationViewModel.swift */ = {isa = PBXFileReference; lastKnownFileType = sourcecode.swift; path = AuthenticationViewModel.swift; sourceTree = "<group>"; };
		B13B11E826F0B783004382C2 /* ConsumerRegistrationView.swift */ = {isa = PBXFileReference; fileEncoding = 4; lastKnownFileType = sourcecode.swift; path = ConsumerRegistrationView.swift; sourceTree = "<group>"; };
		B13B688F26A5DC9700271515 /* CheckinView.swift */ = {isa = PBXFileReference; lastKnownFileType = sourcecode.swift; path = CheckinView.swift; sourceTree = "<group>"; };
		B13B689126A6E7C300271515 /* RewardsView.swift */ = {isa = PBXFileReference; fileEncoding = 4; lastKnownFileType = sourcecode.swift; path = RewardsView.swift; sourceTree = "<group>"; };
		B144F2CB26833220001C3C10 /* LaunchScreen.storyboard */ = {isa = PBXFileReference; lastKnownFileType = file.storyboard; path = LaunchScreen.storyboard; sourceTree = "<group>"; };
		B1609566263E876000B14A43 /* Campaign.swift */ = {isa = PBXFileReference; lastKnownFileType = sourcecode.swift; path = Campaign.swift; sourceTree = "<group>"; };
		B164A70C24A4C13B0020ACAB /* PassKit.framework */ = {isa = PBXFileReference; lastKnownFileType = wrapper.framework; name = PassKit.framework; path = System/Library/Frameworks/PassKit.framework; sourceTree = SDKROOT; };
		B165F48A26B4174400104E1F /* ScanView.swift */ = {isa = PBXFileReference; fileEncoding = 4; lastKnownFileType = sourcecode.swift; name = ScanView.swift; path = WayPay/Checkin/ScanView.swift; sourceTree = SOURCE_ROOT; };
		B174BAF62517489D00F51525 /* CoreNFC.framework */ = {isa = PBXFileReference; lastKnownFileType = wrapper.framework; name = CoreNFC.framework; path = System/Library/Frameworks/CoreNFC.framework; sourceTree = SDKROOT; };
		B174BCAA26CE9B9F000F1E20 /* CustomerQRView.swift */ = {isa = PBXFileReference; fileEncoding = 4; lastKnownFileType = sourcecode.swift; path = CustomerQRView.swift; sourceTree = "<group>"; };
		B183449A23E40E76006D414D /* WayAppUtils.swift */ = {isa = PBXFileReference; lastKnownFileType = sourcecode.swift; path = WayAppUtils.swift; sourceTree = "<group>"; };
		B1843DBE26A96EE000C4F832 /* Assets.xcassets */ = {isa = PBXFileReference; lastKnownFileType = folder.assetcatalog; path = Assets.xcassets; sourceTree = "<group>"; };
		B189995B270C7027002A6730 /* PushNotification.swift */ = {isa = PBXFileReference; lastKnownFileType = sourcecode.swift; path = PushNotification.swift; sourceTree = "<group>"; };
		B189995D27105760002A6730 /* Prize.swift */ = {isa = PBXFileReference; lastKnownFileType = sourcecode.swift; path = Prize.swift; sourceTree = "<group>"; };
		B189995F271057BD002A6730 /* Reward.swift */ = {isa = PBXFileReference; lastKnownFileType = sourcecode.swift; path = Reward.swift; sourceTree = "<group>"; };
		B18E586527DB4768003D296A /* Customer.swift */ = {isa = PBXFileReference; lastKnownFileType = sourcecode.swift; path = Customer.swift; sourceTree = "<group>"; };
		B18E586727DB50ED003D296A /* CustomersView.swift */ = {isa = PBXFileReference; fileEncoding = 4; lastKnownFileType = sourcecode.swift; path = CustomersView.swift; sourceTree = "<group>"; };
		B18E586927DB54EF003D296A /* SepaView.swift */ = {isa = PBXFileReference; lastKnownFileType = sourcecode.swift; path = SepaView.swift; sourceTree = "<group>"; };
		B18E586C27DB589D003D296A /* IssuersView.swift */ = {isa = PBXFileReference; fileEncoding = 4; lastKnownFileType = sourcecode.swift; path = IssuersView.swift; sourceTree = "<group>"; };
		B18E586E27DB9CBD003D296A /* MerchantsView.swift */ = {isa = PBXFileReference; fileEncoding = 4; lastKnownFileType = sourcecode.swift; path = MerchantsView.swift; sourceTree = "<group>"; };
		B18E587027DBA5BA003D296A /* IssuerEditView.swift */ = {isa = PBXFileReference; lastKnownFileType = sourcecode.swift; path = IssuerEditView.swift; sourceTree = "<group>"; };
		B18E587227DBA7C9003D296A /* AccountsView.swift */ = {isa = PBXFileReference; fileEncoding = 4; lastKnownFileType = sourcecode.swift; path = AccountsView.swift; sourceTree = "<group>"; };
		B194151728049DA30087A402 /* CheckoutView.swift */ = {isa = PBXFileReference; lastKnownFileType = sourcecode.swift; path = CheckoutView.swift; sourceTree = "<group>"; };
		B19ACCB5238B092A009FF084 /* WayPay.app */ = {isa = PBXFileReference; explicitFileType = wrapper.application; includeInIndex = 0; path = WayPay.app; sourceTree = BUILT_PRODUCTS_DIR; };
		B19ACCBC238B092A009FF084 /* MainView.swift */ = {isa = PBXFileReference; lastKnownFileType = sourcecode.swift; path = MainView.swift; sourceTree = "<group>"; };
		B19ACCC1238B092C009FF084 /* Preview Assets.xcassets */ = {isa = PBXFileReference; lastKnownFileType = folder.assetcatalog; path = "Preview Assets.xcassets"; sourceTree = "<group>"; };
		B19ACCC6238B092C009FF084 /* Info.plist */ = {isa = PBXFileReference; lastKnownFileType = text.plist.xml; path = Info.plist; sourceTree = "<group>"; };
		B1A19AC7240264970070E5FF /* WayPay.entitlements */ = {isa = PBXFileReference; lastKnownFileType = text.plist.entitlements; path = WayPay.entitlements; sourceTree = "<group>"; };
		B1A19ACA24026C490070E5FF /* NFCScannerView.swift */ = {isa = PBXFileReference; lastKnownFileType = sourcecode.swift; path = NFCScannerView.swift; sourceTree = "<group>"; };
		B1B3817D250523D60008BC78 /* Balance.swift */ = {isa = PBXFileReference; lastKnownFileType = sourcecode.swift; path = Balance.swift; sourceTree = "<group>"; };
		B1B8B21726D139EE00FF148E /* es */ = {isa = PBXFileReference; lastKnownFileType = text.plist.strings; name = es; path = es.lproj/InfoPlist.strings; sourceTree = "<group>"; };
		B1BA480825D7EFF200ED31EF /* SendEmail.swift */ = {isa = PBXFileReference; lastKnownFileType = sourcecode.swift; path = SendEmail.swift; sourceTree = "<group>"; };
		B1BA480D25D7F08200ED31EF /* BarView.swift */ = {isa = PBXFileReference; lastKnownFileType = sourcecode.swift; path = BarView.swift; sourceTree = "<group>"; };
		B1C07EC326CE4C37003DCB11 /* CheckoutQRView.swift */ = {isa = PBXFileReference; lastKnownFileType = sourcecode.swift; path = CheckoutQRView.swift; sourceTree = "<group>"; };
		B1C923CD27DF8B2B005B462B /* Roulette.swift */ = {isa = PBXFileReference; lastKnownFileType = sourcecode.swift; path = Roulette.swift; sourceTree = "<group>"; };
		B1C923CF27DF8B37005B462B /* Spin.swift */ = {isa = PBXFileReference; lastKnownFileType = sourcecode.swift; path = Spin.swift; sourceTree = "<group>"; };
		B1C923D127DFBD1A005B462B /* RoulettesView.swift */ = {isa = PBXFileReference; fileEncoding = 4; lastKnownFileType = sourcecode.swift; path = RoulettesView.swift; sourceTree = "<group>"; };
		B1D0D8BD26CCF835009171A7 /* OnboardingView.swift */ = {isa = PBXFileReference; lastKnownFileType = sourcecode.swift; path = OnboardingView.swift; sourceTree = "<group>"; };
		B1D0D8C026CCFA09009171A7 /* OnboardingPage.swift */ = {isa = PBXFileReference; lastKnownFileType = sourcecode.swift; path = OnboardingPage.swift; sourceTree = "<group>"; };
		B1D0D8C226CCFE00009171A7 /* OnboardingPageView.swift */ = {isa = PBXFileReference; lastKnownFileType = sourcecode.swift; path = OnboardingPageView.swift; sourceTree = "<group>"; };
		B1D6990523EA22A40049E1D8 /* QRScannerView.swift */ = {isa = PBXFileReference; lastKnownFileType = sourcecode.swift; path = QRScannerView.swift; sourceTree = "<group>"; };
		B1D8750123ED8CA000A1967F /* ChangePinView.swift */ = {isa = PBXFileReference; lastKnownFileType = sourcecode.swift; path = ChangePinView.swift; sourceTree = "<group>"; };
		B1D8750923EF2F3B00A1967F /* ReportID.swift */ = {isa = PBXFileReference; lastKnownFileType = sourcecode.swift; path = ReportID.swift; sourceTree = "<group>"; };
		B1D8750D23F003ED00A1967F /* EnterOTP.swift */ = {isa = PBXFileReference; lastKnownFileType = sourcecode.swift; path = EnterOTP.swift; sourceTree = "<group>"; };
		B1E792E923E9CCE2001296F2 /* KeychainHandler.swift */ = {isa = PBXFileReference; lastKnownFileType = sourcecode.swift; path = KeychainHandler.swift; sourceTree = "<group>"; };
		B1E7A58223E4486700CC2E04 /* SettingsView.swift */ = {isa = PBXFileReference; lastKnownFileType = sourcecode.swift; path = SettingsView.swift; sourceTree = "<group>"; };
		B1E7A58C23E5860100CC2E04 /* Merchant.swift */ = {isa = PBXFileReference; lastKnownFileType = sourcecode.swift; path = Merchant.swift; sourceTree = "<group>"; };
		B1E7A58E23E617ED00CC2E04 /* Container.swift */ = {isa = PBXFileReference; lastKnownFileType = sourcecode.swift; path = Container.swift; sourceTree = "<group>"; };
		B1E7A59023E6335100CC2E04 /* ImageDownloader.swift */ = {isa = PBXFileReference; lastKnownFileType = sourcecode.swift; path = ImageDownloader.swift; sourceTree = "<group>"; };
		B1F4157926011A7E00511B6D /* Registration.swift */ = {isa = PBXFileReference; fileEncoding = 4; lastKnownFileType = sourcecode.swift; path = Registration.swift; sourceTree = "<group>"; };
/* End PBXFileReference section */

/* Begin PBXFrameworksBuildPhase section */
		B19ACCB2238B092A009FF084 /* Frameworks */ = {
			isa = PBXFrameworksBuildPhase;
			buildActionMask = 2147483647;
			files = (
				B164A70D24A4C13B0020ACAB /* PassKit.framework in Frameworks */,
				B118F96726F5D57000A53E98 /* StoreKit.framework in Frameworks */,
			);
			runOnlyForDeploymentPostprocessing = 0;
		};
/* End PBXFrameworksBuildPhase section */

/* Begin PBXGroup section */
		AF3A374123E4879800E437CA /* main */ = {
			isa = PBXGroup;
			children = (
				B12DE98123AA7CA300C02657 /* Session.swift */,
				B10F838725DBCA8000F4B528 /* WayPayApp.swift */,
				B19ACCBC238B092A009FF084 /* MainView.swift */,
				AF3A376323E844FC00E437CA /* AddProductButtonView.swift */,
			);
			path = main;
			sourceTree = "<group>";
		};
		B118F96526F5D57000A53E98 /* Frameworks */ = {
			isa = PBXGroup;
			children = (
				B118F96626F5D57000A53E98 /* StoreKit.framework */,
			);
			name = Frameworks;
			sourceTree = "<group>";
		};
		B12DE94C23AA632400C02657 /* account */ = {
			isa = PBXGroup;
			children = (
				B12DE94F23AA638500C02657 /* Account.swift */,
				B18E587227DBA7C9003D296A /* AccountsView.swift */,
				B135323C2797163100DBF0AA /* AccountAdminView.swift */,
				B1066B9B26CBD4E2000A3DB5 /* AccountRequest.swift */,
				B1F4157926011A7E00511B6D /* Registration.swift */,
				AF3A374223E4881F00E437CA /* AuthenticationView.swift */,
				B1066B9926C934E6000A3DB5 /* MerchantRegistrationView.swift */,
				B13B11E826F0B783004382C2 /* ConsumerRegistrationView.swift */,
				B12DE97B23AA79B800C02657 /* IdentityDocument.swift */,
				B12DE98523AA7F0E00C02657 /* Biometrics.swift */,
				B12DE98723AA806F00C02657 /* UserPasswordSecurePersistance.swift */,
				B1D8750D23F003ED00A1967F /* EnterOTP.swift */,
			);
			path = account;
			sourceTree = "<group>";
		};
		B12DE95123AA641000C02657 /* general */ = {
			isa = PBXGroup;
			children = (
				B13532292795A4F600DBF0AA /* Logger.swift */,
				B13532312796E2CB00DBF0AA /* OperationMode.swift */,
				B12DE98923AA847B00C02657 /* OperationEnvironment.swift */,
				B12DE95223AA643E00C02657 /* WayPay.swift */,
				B12DE95423AA654E00C02657 /* AlertMessage.swift */,
				B12DE95723AA66F700C02657 /* DefaultKeys.swift */,
				B12DE95923AA694F00C02657 /* TermsAndConditions.swift */,
				B13532332796EBB400DBF0AA /* UI.swift */,
			);
			path = general;
			sourceTree = "<group>";
		};
		B12DE95623AA66A600C02657 /* utilities */ = {
			isa = PBXGroup;
			children = (
				B12DE95D23AA6C1300C02657 /* DefaultKeyPersistance.swift */,
				B183449A23E40E76006D414D /* WayAppUtils.swift */,
				B1E7A58E23E617ED00CC2E04 /* Container.swift */,
				B1E7A59023E6335100CC2E04 /* ImageDownloader.swift */,
				B1E792E923E9CCE2001296F2 /* KeychainHandler.swift */,
			);
			path = utilities;
			sourceTree = "<group>";
		};
		B12DE96323AA6D4600C02657 /* network */ = {
			isa = PBXGroup;
			children = (
				B12DE96423AA6E2B00C02657 /* SecurityUtilities.swift */,
				B12DE96823AA6FAE00C02657 /* HTTPNetworkAccess.swift */,
				B12DE97F23AA7B9400C02657 /* WayAppPayAPI.swift */,
				B12DE95F23AA6C5900C02657 /* JsonCoding.swift */,
			);
			path = network;
			sourceTree = "<group>";
		};
		B12DE96C23AA707C00C02657 /* transaction */ = {
			isa = PBXGroup;
			children = (
				B12DE96D23AA709700C02657 /* Transaction.swift */,
				AF3A375923E8233C00E437CA /* TransactionsView.swift */,
				B12F17FA23EBD1530012890E /* TransactionRowView.swift */,
				B1D8750923EF2F3B00A1967F /* ReportID.swift */,
				B1BA480825D7EFF200ED31EF /* SendEmail.swift */,
				B1BA480D25D7F08200ED31EF /* BarView.swift */,
			);
			path = transaction;
			sourceTree = "<group>";
		};
		B12DE97223AA716D00C02657 /* card */ = {
			isa = PBXGroup;
			children = (
				B12DE97323AA718300C02657 /* Card.swift */,
				B1B3817D250523D60008BC78 /* Balance.swift */,
				B1D6990523EA22A40049E1D8 /* QRScannerView.swift */,
				B1A19ACA24026C490070E5FF /* NFCScannerView.swift */,
				B135322B2796DEA100DBF0AA /* CardRowView.swift */,
				B135322D2796DF4200DBF0AA /* CardsView.swift */,
				B135323A2797160700DBF0AA /* CardAdminView.swift */,
				B135322F2796DF9200DBF0AA /* NewCardView.swift */,
				B135324227973BAA00DBF0AA /* CardDetailView.swift */,
			);
			path = card;
			sourceTree = "<group>";
		};
		B1353224279595E800DBF0AA /* Account2Account */ = {
			isa = PBXGroup;
			children = (
				B1353244279810D400DBF0AA /* AuthenticationViewModel.swift */,
				B13532252795960800DBF0AA /* AfterBanks.swift */,
			);
			path = Account2Account;
			sourceTree = "<group>";
		};
		B13532352797145000DBF0AA /* Admin */ = {
			isa = PBXGroup;
			children = (
				B135323E2797168E00DBF0AA /* WayPayAdminView.swift */,
			);
			path = Admin;
			sourceTree = "<group>";
		};
		B13B688E26A5DC6500271515 /* Checkin */ = {
			isa = PBXGroup;
			children = (
				B108CB2B26A5B3440071346D /* Checkin.swift */,
				B13B688F26A5DC9700271515 /* CheckinView.swift */,
				B1C07EC326CE4C37003DCB11 /* CheckoutQRView.swift */,
				B174BCAA26CE9B9F000F1E20 /* CustomerQRView.swift */,
				B194151728049DA30087A402 /* CheckoutView.swift */,
			);
			path = Checkin;
			sourceTree = "<group>";
		};
		B1609565263E874400B14A43 /* campaign */ = {
			isa = PBXGroup;
			children = (
				B165F48A26B4174400104E1F /* ScanView.swift */,
				B1609566263E876000B14A43 /* Campaign.swift */,
				B13B689126A6E7C300271515 /* RewardsView.swift */,
				B189995D27105760002A6730 /* Prize.swift */,
				B189995F271057BD002A6730 /* Reward.swift */,
			);
			path = campaign;
			sourceTree = "<group>";
		};
		B164A70B24A4C13B0020ACAB /* Frameworks */ = {
			isa = PBXGroup;
			children = (
				B174BAF62517489D00F51525 /* CoreNFC.framework */,
				B164A70C24A4C13B0020ACAB /* PassKit.framework */,
			);
			name = Frameworks;
			path = ..;
			sourceTree = "<group>";
		};
		B187D53825DE661A0065CAEA /* Shared */ = {
			isa = PBXGroup;
			children = (
				B1843DBE26A96EE000C4F832 /* Assets.xcassets */,
			);
			path = Shared;
			sourceTree = "<group>";
		};
		B18E586427DB4749003D296A /* customer */ = {
			isa = PBXGroup;
			children = (
				B18E586527DB4768003D296A /* Customer.swift */,
				B18E586727DB50ED003D296A /* CustomersView.swift */,
				B1353240279718E000DBF0AA /* CustomerAdminView.swift */,
			);
			path = customer;
			sourceTree = "<group>";
		};
		B18E586B27DB5881003D296A /* issuer */ = {
			isa = PBXGroup;
			children = (
				B12DE97023AA713C00C02657 /* Issuer.swift */,
				B18E586C27DB589D003D296A /* IssuersView.swift */,
				B1353238279715F300DBF0AA /* IssuerAdminView.swift */,
				B189995B270C7027002A6730 /* PushNotification.swift */,
				B18E586927DB54EF003D296A /* SepaView.swift */,
				B18E587027DBA5BA003D296A /* IssuerEditView.swift */,
			);
			path = issuer;
			sourceTree = "<group>";
		};
		B19ACCAC238B092A009FF084 = {
			isa = PBXGroup;
			children = (
				B19ACCB7238B092A009FF084 /* WayPay */,
				B12DE95623AA66A600C02657 /* utilities */,
				B19ACCB6238B092A009FF084 /* Products */,
				B118F96526F5D57000A53E98 /* Frameworks */,
			);
			sourceTree = "<group>";
		};
		B19ACCB6238B092A009FF084 /* Products */ = {
			isa = PBXGroup;
			children = (
				B19ACCB5238B092A009FF084 /* WayPay.app */,
			);
			name = Products;
			sourceTree = "<group>";
		};
		B19ACCB7238B092A009FF084 /* WayPay */ = {
			isa = PBXGroup;
			children = (
				B1C923CC27DF6B07005B462B /* roulette */,
				B18E586B27DB5881003D296A /* issuer */,
				B18E586427DB4749003D296A /* customer */,
				B13532352797145000DBF0AA /* Admin */,
				B1353224279595E800DBF0AA /* Account2Account */,
				AF3A374123E4879800E437CA /* main */,
				B1D0D8BF26CCF844009171A7 /* onboarding */,
				B13B688E26A5DC6500271515 /* Checkin */,
				B1609565263E874400B14A43 /* campaign */,
				B12DE94C23AA632400C02657 /* account */,
				B12DE95123AA641000C02657 /* general */,
				B1E7A58B23E585ED00CC2E04 /* merchant */,
				B1E7A58123E4485200CC2E04 /* settings */,
				B12DE97223AA716D00C02657 /* card */,
				B12DE96C23AA707C00C02657 /* transaction */,
				B12DE96323AA6D4600C02657 /* network */,
				B164A70B24A4C13B0020ACAB /* Frameworks */,
				B187D53825DE661A0065CAEA /* Shared */,
				B19ACCC6238B092C009FF084 /* Info.plist */,
				B1B8B21626D139EE00FF148E /* InfoPlist.strings */,
				B11B6A4E26CFB1C600E516DD /* Localizable.strings */,
				B1A19AC7240264970070E5FF /* WayPay.entitlements */,
				B19ACCC0238B092C009FF084 /* Preview Content */,
				B144F2CB26833220001C3C10 /* LaunchScreen.storyboard */,
			);
			path = WayPay;
			sourceTree = "<group>";
		};
		B19ACCC0238B092C009FF084 /* Preview Content */ = {
			isa = PBXGroup;
			children = (
				B19ACCC1238B092C009FF084 /* Preview Assets.xcassets */,
			);
			path = "Preview Content";
			sourceTree = "<group>";
		};
		B1C923CC27DF6B07005B462B /* roulette */ = {
			isa = PBXGroup;
			children = (
				B1C923CD27DF8B2B005B462B /* Roulette.swift */,
				B1C923CF27DF8B37005B462B /* Spin.swift */,
				B1C923D127DFBD1A005B462B /* RoulettesView.swift */,
			);
			path = roulette;
			sourceTree = "<group>";
		};
		B1D0D8BF26CCF844009171A7 /* onboarding */ = {
			isa = PBXGroup;
			children = (
				B1D0D8BD26CCF835009171A7 /* OnboardingView.swift */,
				B1D0D8C026CCFA09009171A7 /* OnboardingPage.swift */,
				B1D0D8C226CCFE00009171A7 /* OnboardingPageView.swift */,
			);
			path = onboarding;
			sourceTree = "<group>";
		};
		B1E7A58123E4485200CC2E04 /* settings */ = {
			isa = PBXGroup;
			children = (
				B1E7A58223E4486700CC2E04 /* SettingsView.swift */,
				B1D8750123ED8CA000A1967F /* ChangePinView.swift */,
			);
			path = settings;
			sourceTree = "<group>";
		};
		B1E7A58B23E585ED00CC2E04 /* merchant */ = {
			isa = PBXGroup;
			children = (
				B1E7A58C23E5860100CC2E04 /* Merchant.swift */,
				B1353236279715DE00DBF0AA /* MerchantAdminView.swift */,
				B18E586E27DB9CBD003D296A /* MerchantsView.swift */,
			);
			path = merchant;
			sourceTree = "<group>";
		};
/* End PBXGroup section */

/* Begin PBXNativeTarget section */
		B19ACCB4238B092A009FF084 /* WayPay */ = {
			isa = PBXNativeTarget;
			buildConfigurationList = B19ACCC9238B092C009FF084 /* Build configuration list for PBXNativeTarget "WayPay" */;
			buildPhases = (
				B19ACCB1238B092A009FF084 /* Sources */,
				B19ACCB2238B092A009FF084 /* Frameworks */,
				B19ACCB3238B092A009FF084 /* Resources */,
			);
			buildRules = (
			);
			dependencies = (
			);
			name = WayPay;
			productName = WayAppPay;
			productReference = B19ACCB5238B092A009FF084 /* WayPay.app */;
			productType = "com.apple.product-type.application";
		};
/* End PBXNativeTarget section */

/* Begin PBXProject section */
		B19ACCAD238B092A009FF084 /* Project object */ = {
			isa = PBXProject;
			attributes = {
				LastSwiftUpdateCheck = 1120;
				LastUpgradeCheck = 1200;
				ORGANIZATIONNAME = WayApp;
				TargetAttributes = {
					B19ACCB4238B092A009FF084 = {
						CreatedOnToolsVersion = 11.2.1;
						LastSwiftMigration = 1130;
					};
				};
			};
			buildConfigurationList = B19ACCB0238B092A009FF084 /* Build configuration list for PBXProject "WayPay" */;
			compatibilityVersion = "Xcode 9.3";
			developmentRegion = en;
			hasScannedForEncodings = 0;
			knownRegions = (
				en,
				Base,
				es,
			);
			mainGroup = B19ACCAC238B092A009FF084;
			productRefGroup = B19ACCB6238B092A009FF084 /* Products */;
			projectDirPath = "";
			projectRoot = "";
			targets = (
				B19ACCB4238B092A009FF084 /* WayPay */,
			);
		};
/* End PBXProject section */

/* Begin PBXResourcesBuildPhase section */
		B19ACCB3238B092A009FF084 /* Resources */ = {
			isa = PBXResourcesBuildPhase;
			buildActionMask = 2147483647;
			files = (
				B144F2CC26833220001C3C10 /* LaunchScreen.storyboard in Resources */,
				B11B6A4C26CFB1C600E516DD /* Localizable.strings in Resources */,
				B19ACCC2238B092C009FF084 /* Preview Assets.xcassets in Resources */,
				B1843DBF26A96EE000C4F832 /* Assets.xcassets in Resources */,
				B1B8B21826D139EE00FF148E /* InfoPlist.strings in Resources */,
			);
			runOnlyForDeploymentPostprocessing = 0;
		};
/* End PBXResourcesBuildPhase section */

/* Begin PBXSourcesBuildPhase section */
		B19ACCB1238B092A009FF084 /* Sources */ = {
			isa = PBXSourcesBuildPhase;
			buildActionMask = 2147483647;
			files = (
				B1D0D8BE26CCF835009171A7 /* OnboardingView.swift in Sources */,
				B12DE95323AA643E00C02657 /* WayPay.swift in Sources */,
				B18E587127DBA5BA003D296A /* IssuerEditView.swift in Sources */,
				B12DE97423AA718300C02657 /* Card.swift in Sources */,
				B1BA480925D7EFF200ED31EF /* SendEmail.swift in Sources */,
				B1066B9C26CBD4E2000A3DB5 /* AccountRequest.swift in Sources */,
				B135322A2795A4F600DBF0AA /* Logger.swift in Sources */,
				B135322E2796DF4200DBF0AA /* CardsView.swift in Sources */,
				B194151828049DA30087A402 /* CheckoutView.swift in Sources */,
				B18E586A27DB54EF003D296A /* SepaView.swift in Sources */,
				B12DE97123AA713C00C02657 /* Issuer.swift in Sources */,
				B12DE98623AA7F0E00C02657 /* Biometrics.swift in Sources */,
				B12DE98823AA806F00C02657 /* UserPasswordSecurePersistance.swift in Sources */,
				B1609567263E876000B14A43 /* Campaign.swift in Sources */,
				B1C07EC426CE4C37003DCB11 /* CheckoutQRView.swift in Sources */,
				B1D6990623EA22A40049E1D8 /* QRScannerView.swift in Sources */,
				B1C923CE27DF8B2B005B462B /* Roulette.swift in Sources */,
				B12DE98A23AA847B00C02657 /* OperationEnvironment.swift in Sources */,
				B1E7A59123E6335100CC2E04 /* ImageDownloader.swift in Sources */,
				B1D0D8C126CCFA09009171A7 /* OnboardingPage.swift in Sources */,
				B12DE96E23AA709700C02657 /* Transaction.swift in Sources */,
				B13B11E926F0B783004382C2 /* ConsumerRegistrationView.swift in Sources */,
				B1E7A58D23E5860100CC2E04 /* Merchant.swift in Sources */,
				B1D8750E23F003ED00A1967F /* EnterOTP.swift in Sources */,
				B135323B2797160700DBF0AA /* CardAdminView.swift in Sources */,
				B18E586F27DB9CBD003D296A /* MerchantsView.swift in Sources */,
				B13532322796E2CB00DBF0AA /* OperationMode.swift in Sources */,
				B1353241279718E000DBF0AA /* CustomerAdminView.swift in Sources */,
				B12DE95823AA66F700C02657 /* DefaultKeys.swift in Sources */,
				B12DE97C23AA79B800C02657 /* IdentityDocument.swift in Sources */,
				B12F17FB23EBD1530012890E /* TransactionRowView.swift in Sources */,
				B12DE98223AA7CA300C02657 /* Session.swift in Sources */,
				B135324327973BAA00DBF0AA /* CardDetailView.swift in Sources */,
				B1BA480E25D7F08200ED31EF /* BarView.swift in Sources */,
				B135323F2797168E00DBF0AA /* WayPayAdminView.swift in Sources */,
				B1D8750A23EF2F3B00A1967F /* ReportID.swift in Sources */,
				B183449B23E40E76006D414D /* WayAppUtils.swift in Sources */,
				B12DE95E23AA6C1300C02657 /* DefaultKeyPersistance.swift in Sources */,
				B135323D2797163100DBF0AA /* AccountAdminView.swift in Sources */,
				AF3A376423E844FC00E437CA /* AddProductButtonView.swift in Sources */,
				B13532262795960800DBF0AA /* AfterBanks.swift in Sources */,
				B12DE96923AA6FAE00C02657 /* HTTPNetworkAccess.swift in Sources */,
				B165F48B26B4174400104E1F /* ScanView.swift in Sources */,
				B189995E27105760002A6730 /* Prize.swift in Sources */,
				B1E7A58F23E617ED00CC2E04 /* Container.swift in Sources */,
				B174BCAB26CE9B9F000F1E20 /* CustomerQRView.swift in Sources */,
				B12DE95A23AA694F00C02657 /* TermsAndConditions.swift in Sources */,
				B1D0D8C326CCFE00009171A7 /* OnboardingPageView.swift in Sources */,
				B13B689226A6E7C300271515 /* RewardsView.swift in Sources */,
				B10F838825DBCA8000F4B528 /* WayPayApp.swift in Sources */,
				B1353239279715F300DBF0AA /* IssuerAdminView.swift in Sources */,
				B1353237279715DF00DBF0AA /* MerchantAdminView.swift in Sources */,
				B1066B9A26C934E6000A3DB5 /* MerchantRegistrationView.swift in Sources */,
				B13B689026A5DC9700271515 /* CheckinView.swift in Sources */,
				B13532302796DF9200DBF0AA /* NewCardView.swift in Sources */,
				B1E792EA23E9CCE2001296F2 /* KeychainHandler.swift in Sources */,
				B18E586627DB4768003D296A /* Customer.swift in Sources */,
				B12DE95523AA654E00C02657 /* AlertMessage.swift in Sources */,
				B12DE95023AA638500C02657 /* Account.swift in Sources */,
				B1E7A58323E4486700CC2E04 /* SettingsView.swift in Sources */,
				B12DE96523AA6E2B00C02657 /* SecurityUtilities.swift in Sources */,
				AF3A374323E4881F00E437CA /* AuthenticationView.swift in Sources */,
				B19ACCBD238B092A009FF084 /* MainView.swift in Sources */,
				B1A19ACB24026C490070E5FF /* NFCScannerView.swift in Sources */,
				B1C923D027DF8B37005B462B /* Spin.swift in Sources */,
				B18E587327DBA7C9003D296A /* AccountsView.swift in Sources */,
				B12DE98023AA7B9400C02657 /* WayAppPayAPI.swift in Sources */,
				B1899960271057BD002A6730 /* Reward.swift in Sources */,
				B1C923D227DFBD1A005B462B /* RoulettesView.swift in Sources */,
				B135322C2796DEA100DBF0AA /* CardRowView.swift in Sources */,
				B1353245279810D400DBF0AA /* AuthenticationViewModel.swift in Sources */,
				B18E586D27DB589D003D296A /* IssuersView.swift in Sources */,
				B108CB2C26A5B3440071346D /* Checkin.swift in Sources */,
				B189995C270C7027002A6730 /* PushNotification.swift in Sources */,
				B1D8750223ED8CA000A1967F /* ChangePinView.swift in Sources */,
				B18E586827DB50ED003D296A /* CustomersView.swift in Sources */,
				B1F4157A26011A7E00511B6D /* Registration.swift in Sources */,
				B12DE96023AA6C5900C02657 /* JsonCoding.swift in Sources */,
				B1B3817E250523D60008BC78 /* Balance.swift in Sources */,
				B13532342796EBB500DBF0AA /* UI.swift in Sources */,
				AF3A375A23E8233C00E437CA /* TransactionsView.swift in Sources */,
			);
			runOnlyForDeploymentPostprocessing = 0;
		};
/* End PBXSourcesBuildPhase section */

/* Begin PBXVariantGroup section */
		B11B6A4E26CFB1C600E516DD /* Localizable.strings */ = {
			isa = PBXVariantGroup;
			children = (
				B11B6A4F26CFB2DA00E516DD /* en */,
				B11B6A5326D12E2600E516DD /* es */,
			);
			name = Localizable.strings;
			sourceTree = "<group>";
		};
		B1B8B21626D139EE00FF148E /* InfoPlist.strings */ = {
			isa = PBXVariantGroup;
			children = (
				B1B8B21726D139EE00FF148E /* es */,
			);
			name = InfoPlist.strings;
			sourceTree = "<group>";
		};
/* End PBXVariantGroup section */

/* Begin XCBuildConfiguration section */
		B19ACCC7238B092C009FF084 /* Debug */ = {
			isa = XCBuildConfiguration;
			buildSettings = {
				ALWAYS_SEARCH_USER_PATHS = NO;
				CLANG_ANALYZER_LOCALIZABILITY_NONLOCALIZED = YES;
				CLANG_ANALYZER_NONNULL = YES;
				CLANG_ANALYZER_NUMBER_OBJECT_CONVERSION = YES_AGGRESSIVE;
				CLANG_CXX_LANGUAGE_STANDARD = "gnu++14";
				CLANG_CXX_LIBRARY = "libc++";
				CLANG_ENABLE_MODULES = YES;
				CLANG_ENABLE_OBJC_ARC = YES;
				CLANG_ENABLE_OBJC_WEAK = YES;
				CLANG_WARN_ASSIGN_ENUM = YES;
				CLANG_WARN_BLOCK_CAPTURE_AUTORELEASING = YES;
				CLANG_WARN_BOOL_CONVERSION = YES;
				CLANG_WARN_COMMA = YES;
				CLANG_WARN_CONSTANT_CONVERSION = YES;
				CLANG_WARN_DEPRECATED_OBJC_IMPLEMENTATIONS = YES;
				CLANG_WARN_DIRECT_OBJC_ISA_USAGE = YES_ERROR;
				CLANG_WARN_DOCUMENTATION_COMMENTS = YES;
				CLANG_WARN_EMPTY_BODY = YES;
				CLANG_WARN_ENUM_CONVERSION = YES;
				CLANG_WARN_INFINITE_RECURSION = YES;
				CLANG_WARN_INT_CONVERSION = YES;
				CLANG_WARN_NON_LITERAL_NULL_CONVERSION = YES;
				CLANG_WARN_OBJC_IMPLICIT_RETAIN_SELF = YES;
				CLANG_WARN_OBJC_LITERAL_CONVERSION = YES;
				CLANG_WARN_OBJC_ROOT_CLASS = YES_ERROR;
				CLANG_WARN_QUOTED_INCLUDE_IN_FRAMEWORK_HEADER = YES;
				CLANG_WARN_RANGE_LOOP_ANALYSIS = YES;
				CLANG_WARN_STRICT_PROTOTYPES = YES;
				CLANG_WARN_SUSPICIOUS_MOVE = YES;
				CLANG_WARN_UNGUARDED_AVAILABILITY = YES_AGGRESSIVE;
				CLANG_WARN_UNREACHABLE_CODE = YES;
				CLANG_WARN__DUPLICATE_METHOD_MATCH = YES;
				COPY_PHASE_STRIP = NO;
				DEBUG_INFORMATION_FORMAT = dwarf;
				ENABLE_STRICT_OBJC_MSGSEND = YES;
				ENABLE_TESTABILITY = YES;
				GCC_C_LANGUAGE_STANDARD = gnu11;
				GCC_DYNAMIC_NO_PIC = NO;
				GCC_NO_COMMON_BLOCKS = YES;
				GCC_OPTIMIZATION_LEVEL = 0;
				GCC_PREPROCESSOR_DEFINITIONS = (
					"DEBUG=1",
					"$(inherited)",
				);
				GCC_WARN_64_TO_32_BIT_CONVERSION = YES;
				GCC_WARN_ABOUT_MISSING_FIELD_INITIALIZERS = YES;
				GCC_WARN_ABOUT_RETURN_TYPE = YES_ERROR;
				GCC_WARN_UNDECLARED_SELECTOR = YES;
				GCC_WARN_UNINITIALIZED_AUTOS = YES_AGGRESSIVE;
				GCC_WARN_UNUSED_FUNCTION = YES;
				GCC_WARN_UNUSED_LABEL = YES;
				GCC_WARN_UNUSED_PARAMETER = YES;
				GCC_WARN_UNUSED_VARIABLE = YES;
				IPHONEOS_DEPLOYMENT_TARGET = 13.2;
				MTL_ENABLE_DEBUG_INFO = INCLUDE_SOURCE;
				MTL_FAST_MATH = YES;
				ONLY_ACTIVE_ARCH = YES;
				SDKROOT = iphoneos;
				SWIFT_ACTIVE_COMPILATION_CONDITIONS = DEBUG;
				SWIFT_OPTIMIZATION_LEVEL = "-Onone";
			};
			name = Debug;
		};
		B19ACCC8238B092C009FF084 /* Release */ = {
			isa = XCBuildConfiguration;
			buildSettings = {
				ALWAYS_SEARCH_USER_PATHS = NO;
				CLANG_ANALYZER_LOCALIZABILITY_NONLOCALIZED = YES;
				CLANG_ANALYZER_NONNULL = YES;
				CLANG_ANALYZER_NUMBER_OBJECT_CONVERSION = YES_AGGRESSIVE;
				CLANG_CXX_LANGUAGE_STANDARD = "gnu++14";
				CLANG_CXX_LIBRARY = "libc++";
				CLANG_ENABLE_MODULES = YES;
				CLANG_ENABLE_OBJC_ARC = YES;
				CLANG_ENABLE_OBJC_WEAK = YES;
				CLANG_WARN_ASSIGN_ENUM = YES;
				CLANG_WARN_BLOCK_CAPTURE_AUTORELEASING = YES;
				CLANG_WARN_BOOL_CONVERSION = YES;
				CLANG_WARN_COMMA = YES;
				CLANG_WARN_CONSTANT_CONVERSION = YES;
				CLANG_WARN_DEPRECATED_OBJC_IMPLEMENTATIONS = YES;
				CLANG_WARN_DIRECT_OBJC_ISA_USAGE = YES_ERROR;
				CLANG_WARN_DOCUMENTATION_COMMENTS = YES;
				CLANG_WARN_EMPTY_BODY = YES;
				CLANG_WARN_ENUM_CONVERSION = YES;
				CLANG_WARN_INFINITE_RECURSION = YES;
				CLANG_WARN_INT_CONVERSION = YES;
				CLANG_WARN_NON_LITERAL_NULL_CONVERSION = YES;
				CLANG_WARN_OBJC_IMPLICIT_RETAIN_SELF = YES;
				CLANG_WARN_OBJC_LITERAL_CONVERSION = YES;
				CLANG_WARN_OBJC_ROOT_CLASS = YES_ERROR;
				CLANG_WARN_QUOTED_INCLUDE_IN_FRAMEWORK_HEADER = YES;
				CLANG_WARN_RANGE_LOOP_ANALYSIS = YES;
				CLANG_WARN_STRICT_PROTOTYPES = YES;
				CLANG_WARN_SUSPICIOUS_MOVE = YES;
				CLANG_WARN_UNGUARDED_AVAILABILITY = YES_AGGRESSIVE;
				CLANG_WARN_UNREACHABLE_CODE = YES;
				CLANG_WARN__DUPLICATE_METHOD_MATCH = YES;
				COPY_PHASE_STRIP = NO;
				DEBUG_INFORMATION_FORMAT = "dwarf-with-dsym";
				ENABLE_NS_ASSERTIONS = NO;
				ENABLE_STRICT_OBJC_MSGSEND = YES;
				GCC_C_LANGUAGE_STANDARD = gnu11;
				GCC_NO_COMMON_BLOCKS = YES;
				GCC_WARN_64_TO_32_BIT_CONVERSION = YES;
				GCC_WARN_ABOUT_MISSING_FIELD_INITIALIZERS = YES;
				GCC_WARN_ABOUT_RETURN_TYPE = YES_ERROR;
				GCC_WARN_UNDECLARED_SELECTOR = YES;
				GCC_WARN_UNINITIALIZED_AUTOS = YES_AGGRESSIVE;
				GCC_WARN_UNUSED_FUNCTION = YES;
				GCC_WARN_UNUSED_LABEL = YES;
				GCC_WARN_UNUSED_PARAMETER = YES;
				GCC_WARN_UNUSED_VARIABLE = YES;
				IPHONEOS_DEPLOYMENT_TARGET = 13.2;
				MTL_ENABLE_DEBUG_INFO = NO;
				MTL_FAST_MATH = YES;
				SDKROOT = iphoneos;
				SWIFT_COMPILATION_MODE = wholemodule;
				SWIFT_OPTIMIZATION_LEVEL = "-O";
				VALIDATE_PRODUCT = YES;
			};
			name = Release;
		};
		B19ACCCA238B092C009FF084 /* Debug */ = {
			isa = XCBuildConfiguration;
			buildSettings = {
				ASSETCATALOG_COMPILER_APPICON_NAME = AppIcon;
				CLANG_ENABLE_MODULES = YES;
				CODE_SIGN_ENTITLEMENTS = WayPay/WayPay.entitlements;
				CODE_SIGN_STYLE = Automatic;
				CURRENT_PROJECT_VERSION = 1;
				DEVELOPMENT_ASSET_PATHS = "\"WayPay/Preview Content\"";
				DEVELOPMENT_TEAM = KY762H7M37;
				ENABLE_PREVIEWS = YES;
				INFOPLIST_FILE = WayPay/Info.plist;
				IPHONEOS_DEPLOYMENT_TARGET = 15.0;
				LD_RUNPATH_SEARCH_PATHS = (
					"$(inherited)",
					"@executable_path/Frameworks",
				);
				MARKETING_VERSION = 3;
				PRODUCT_BUNDLE_IDENTIFIER = com.wayapp.WayAppPay;
				PRODUCT_NAME = WayPay;
				SWIFT_OBJC_BRIDGING_HEADER = "";
				SWIFT_OPTIMIZATION_LEVEL = "-Onone";
				SWIFT_VERSION = 5.0;
				TARGETED_DEVICE_FAMILY = 1;
			};
			name = Debug;
		};
		B19ACCCB238B092C009FF084 /* Release */ = {
			isa = XCBuildConfiguration;
			buildSettings = {
				ASSETCATALOG_COMPILER_APPICON_NAME = AppIcon;
				CLANG_ENABLE_MODULES = YES;
				CODE_SIGN_ENTITLEMENTS = WayPay/WayPay.entitlements;
				CODE_SIGN_STYLE = Automatic;
				CURRENT_PROJECT_VERSION = 1;
				DEVELOPMENT_ASSET_PATHS = "\"WayPay/Preview Content\"";
				DEVELOPMENT_TEAM = KY762H7M37;
				ENABLE_PREVIEWS = YES;
				INFOPLIST_FILE = WayPay/Info.plist;
				IPHONEOS_DEPLOYMENT_TARGET = 15.0;
				LD_RUNPATH_SEARCH_PATHS = (
					"$(inherited)",
					"@executable_path/Frameworks",
				);
				MARKETING_VERSION = 3;
				PRODUCT_BUNDLE_IDENTIFIER = com.wayapp.WayAppPay;
				PRODUCT_NAME = WayPay;
				SWIFT_OBJC_BRIDGING_HEADER = "";
				SWIFT_VERSION = 5.0;
				TARGETED_DEVICE_FAMILY = 1;
			};
			name = Release;
		};
/* End XCBuildConfiguration section */

/* Begin XCConfigurationList section */
		B19ACCB0238B092A009FF084 /* Build configuration list for PBXProject "WayPay" */ = {
			isa = XCConfigurationList;
			buildConfigurations = (
				B19ACCC7238B092C009FF084 /* Debug */,
				B19ACCC8238B092C009FF084 /* Release */,
			);
			defaultConfigurationIsVisible = 0;
			defaultConfigurationName = Release;
		};
		B19ACCC9238B092C009FF084 /* Build configuration list for PBXNativeTarget "WayPay" */ = {
			isa = XCConfigurationList;
			buildConfigurations = (
				B19ACCCA238B092C009FF084 /* Debug */,
				B19ACCCB238B092C009FF084 /* Release */,
			);
			defaultConfigurationIsVisible = 0;
			defaultConfigurationName = Release;
		};
/* End XCConfigurationList section */
	};
	rootObject = B19ACCAD238B092A009FF084 /* Project object */;
}
